
Microsoft Visual Studio Solution File, Format Version 12.00
# Visual Studio Version 17
VisualStudioVersion = 17.0.31903.59
MinimumVisualStudioVersion = 10.0.40219.1
Project("{FAE04EC0-301F-11D3-BF4B-00C04F79EFBC}") = "EventLog", "src\EventLog\EventLog.csproj", "{4744DEA2-EDD8-48F2-A935-797265E3F2BB}"
EndProject
Project("{FAE04EC0-301F-11D3-BF4B-00C04F79EFBC}") = "Bookstore.Sample", "src\Bookstore.Sample\Bookstore.Sample.csproj", "{246BC6C2-BC17-4B1F-A1B9-F15CA03807C5}"
EndProject
Project("{FAE04EC0-301F-11D3-BF4B-00C04F79EFBC}") = "EventLog.UnitTests", "src\EventLog.UnitTests\EventLog.UnitTests.csproj", "{FF8E4F68-15E0-4B75-A57F-55850385880D}"
EndProject
Global
	GlobalSection(SolutionConfigurationPlatforms) = preSolution
		Debug|Any CPU = Debug|Any CPU
		Release|Any CPU = Release|Any CPU
	EndGlobalSection
	GlobalSection(SolutionProperties) = preSolution
		HideSolutionNode = FALSE
	EndGlobalSection
	GlobalSection(ProjectConfigurationPlatforms) = postSolution
		{4744DEA2-EDD8-48F2-A935-797265E3F2BB}.Debug|Any CPU.ActiveCfg = Debug|Any CPU
		{4744DEA2-EDD8-48F2-A935-797265E3F2BB}.Debug|Any CPU.Build.0 = Debug|Any CPU
		{4744DEA2-EDD8-48F2-A935-797265E3F2BB}.Release|Any CPU.ActiveCfg = Release|Any CPU
		{4744DEA2-EDD8-48F2-A935-797265E3F2BB}.Release|Any CPU.Build.0 = Release|Any CPU
		{246BC6C2-BC17-4B1F-A1B9-F15CA03807C5}.Debug|Any CPU.ActiveCfg = Debug|Any CPU
		{246BC6C2-BC17-4B1F-A1B9-F15CA03807C5}.Debug|Any CPU.Build.0 = Debug|Any CPU
		{246BC6C2-BC17-4B1F-A1B9-F15CA03807C5}.Release|Any CPU.ActiveCfg = Release|Any CPU
		{246BC6C2-BC17-4B1F-A1B9-F15CA03807C5}.Release|Any CPU.Build.0 = Release|Any CPU
		{FF8E4F68-15E0-4B75-A57F-55850385880D}.Debug|Any CPU.ActiveCfg = Debug|Any CPU
		{FF8E4F68-15E0-4B75-A57F-55850385880D}.Debug|Any CPU.Build.0 = Debug|Any CPU
		{FF8E4F68-15E0-4B75-A57F-55850385880D}.Release|Any CPU.ActiveCfg = Release|Any CPU
		{FF8E4F68-15E0-4B75-A57F-55850385880D}.Release|Any CPU.Build.0 = Release|Any CPU
	EndGlobalSection
EndGlobal
